
Microsoft Visual Studio Solution File, Format Version 12.00
# Visual Studio 2012
Project("{FAE04EC0-301F-11D3-BF4B-00C04F79EFBC}") = "ProjetInfo2a", "ProjetInfo2a\ProjetInfo2a.csproj", "{B517ACFB-E83C-4E72-B4DE-5C935D280ABB}"
EndProject
Global
	GlobalSection(SolutionConfigurationPlatforms) = preSolution
		Debug|Any CPU = Debug|Any CPU
		Release|Any CPU = Release|Any CPU
	EndGlobalSection
	GlobalSection(ProjectConfigurationPlatforms) = postSolution
		{B517ACFB-E83C-4E72-B4DE-5C935D280ABB}.Debug|Any CPU.ActiveCfg = Debug|Any CPU
		{B517ACFB-E83C-4E72-B4DE-5C935D280ABB}.Debug|Any CPU.Build.0 = Debug|Any CPU
		{B517ACFB-E83C-4E72-B4DE-5C935D280ABB}.Release|Any CPU.ActiveCfg = Release|Any CPU
		{B517ACFB-E83C-4E72-B4DE-5C935D280ABB}.Release|Any CPU.Build.0 = Release|Any CPU
	EndGlobalSection
	GlobalSection(SolutionProperties) = preSolution
		HideSolutionNode = FALSE
	EndGlobalSection
EndGlobal
